
Microsoft Visual Studio Solution File, Format Version 12.00
# Visual Studio Version 17
VisualStudioVersion = 17.7.34221.43
MinimumVisualStudioVersion = 10.0.40219.1
Project("{FAE04EC0-301F-11D3-BF4B-00C04F79EFBC}") = "gitdemo", "gitdemo\gitdemo.csproj", "{F33EA421-8860-46AD-81CD-A8BA7489BCBD}"
EndProject
Global
	GlobalSection(SolutionConfigurationPlatforms) = preSolution
		Debug|Any CPU = Debug|Any CPU
		Release|Any CPU = Release|Any CPU
	EndGlobalSection
	GlobalSection(ProjectConfigurationPlatforms) = postSolution
		{F33EA421-8860-46AD-81CD-A8BA7489BCBD}.Debug|Any CPU.ActiveCfg = Debug|Any CPU
		{F33EA421-8860-46AD-81CD-A8BA7489BCBD}.Debug|Any CPU.Build.0 = Debug|Any CPU
		{F33EA421-8860-46AD-81CD-A8BA7489BCBD}.Release|Any CPU.ActiveCfg = Release|Any CPU
		{F33EA421-8860-46AD-81CD-A8BA7489BCBD}.Release|Any CPU.Build.0 = Release|Any CPU
	EndGlobalSection
	GlobalSection(SolutionProperties) = preSolution
		HideSolutionNode = FALSE
	EndGlobalSection
	GlobalSection(ExtensibilityGlobals) = postSolution
		SolutionGuid = {0AE670DD-D4BF-401D-9996-C34E1E886A72}
	EndGlobalSection
EndGlobal
